
Microsoft Visual Studio Solution File, Format Version 12.00
# Visual Studio Version 16
VisualStudioVersion = 16.0.30907.101
MinimumVisualStudioVersion = 10.0.40219.1
Project("{FAE04EC0-301F-11D3-BF4B-00C04F79EFBC}") = "Dictionary22", "Dictionary22\Dictionary22.csproj", "{C0DCB0A4-BA96-4344-9569-09F56A9F140C}"
EndProject
Global
	GlobalSection(SolutionConfigurationPlatforms) = preSolution
		Debug|Any CPU = Debug|Any CPU
		Release|Any CPU = Release|Any CPU
	EndGlobalSection
	GlobalSection(ProjectConfigurationPlatforms) = postSolution
		{C0DCB0A4-BA96-4344-9569-09F56A9F140C}.Debug|Any CPU.ActiveCfg = Debug|Any CPU
		{C0DCB0A4-BA96-4344-9569-09F56A9F140C}.Debug|Any CPU.Build.0 = Debug|Any CPU
		{C0DCB0A4-BA96-4344-9569-09F56A9F140C}.Release|Any CPU.ActiveCfg = Release|Any CPU
		{C0DCB0A4-BA96-4344-9569-09F56A9F140C}.Release|Any CPU.Build.0 = Release|Any CPU
	EndGlobalSection
	GlobalSection(SolutionProperties) = preSolution
		HideSolutionNode = FALSE
	EndGlobalSection
	GlobalSection(ExtensibilityGlobals) = postSolution
		SolutionGuid = {370D73E2-6614-4687-9448-F47EB43AA4A5}
	EndGlobalSection
EndGlobal
